// !$*UTF8*$!
{
	archiveVersion = 1;
	classes = {
	};
	objectVersion = 46;
	objects = {

/* Begin PBXBuildFile section */
		3650C9151DF7FE62004F7301 /* AppDelegate.swift in Sources */ = {isa = PBXBuildFile; fileRef = 3650C9141DF7FE62004F7301 /* AppDelegate.swift */; };
		3650C9171DF7FE62004F7301 /* ViewController.swift in Sources */ = {isa = PBXBuildFile; fileRef = 3650C9161DF7FE62004F7301 /* ViewController.swift */; };
		3650C91A1DF7FE62004F7301 /* Main.storyboard in Resources */ = {isa = PBXBuildFile; fileRef = 3650C9181DF7FE62004F7301 /* Main.storyboard */; };
		3650C91C1DF7FE62004F7301 /* Assets.xcassets in Resources */ = {isa = PBXBuildFile; fileRef = 3650C91B1DF7FE62004F7301 /* Assets.xcassets */; };
		3650C91F1DF7FE62004F7301 /* LaunchScreen.storyboard in Resources */ = {isa = PBXBuildFile; fileRef = 3650C91D1DF7FE62004F7301 /* LaunchScreen.storyboard */; };
		3650C92A1DF7FE62004F7301 /* gittestTests.swift in Sources */ = {isa = PBXBuildFile; fileRef = 3650C9291DF7FE62004F7301 /* gittestTests.swift */; };
		3650C9351DF7FE62004F7301 /* gittestUITests.swift in Sources */ = {isa = PBXBuildFile; fileRef = 3650C9341DF7FE62004F7301 /* gittestUITests.swift */; };
/* End PBXBuildFile section */

/* Begin PBXContainerItemProxy section */
		3650C9261DF7FE62004F7301 /* PBXContainerItemProxy */ = {
			isa = PBXContainerItemProxy;
			containerPortal = 3650C9091DF7FE62004F7301 /* Project object */;
			proxyType = 1;
			remoteGlobalIDString = 3650C9101DF7FE62004F7301;
			remoteInfo = gittest;
		};
		3650C9311DF7FE62004F7301 /* PBXContainerItemProxy */ = {
			isa = PBXContainerItemProxy;
			containerPortal = 3650C9091DF7FE62004F7301 /* Project object */;
			proxyType = 1;
			remoteGlobalIDString = 3650C9101DF7FE62004F7301;
			remoteInfo = gittest;
		};
/* End PBXContainerItemProxy section */

/* Begin PBXFileReference section */
		3650C9111DF7FE62004F7301 /* gittest.app */ = {isa = PBXFileReference; explicitFileType = wrapper.application; includeInIndex = 0; path = gittest.app; sourceTree = BUILT_PRODUCTS_DIR; };
		3650C9141DF7FE62004F7301 /* AppDelegate.swift */ = {isa = PBXFileReference; lastKnownFileType = sourcecode.swift; path = AppDelegate.swift; sourceTree = "<group>"; };
		3650C9161DF7FE62004F7301 /* ViewController.swift */ = {isa = PBXFileReference; lastKnownFileType = sourcecode.swift; path = ViewController.swift; sourceTree = "<group>"; };
		3650C9191DF7FE62004F7301 /* Base */ = {isa = PBXFileReference; lastKnownFileType = file.storyboard; name = Base; path = Base.lproj/Main.storyboard; sourceTree = "<group>"; };
		3650C91B1DF7FE62004F7301 /* Assets.xcassets */ = {isa = PBXFileReference; lastKnownFileType = folder.assetcatalog; path = Assets.xcassets; sourceTree = "<group>"; };
		3650C91E1DF7FE62004F7301 /* Base */ = {isa = PBXFileReference; lastKnownFileType = file.storyboard; name = Base; path = Base.lproj/LaunchScreen.storyboard; sourceTree = "<group>"; };
		3650C9201DF7FE62004F7301 /* Info.plist */ = {isa = PBXFileReference; lastKnownFileType = text.plist.xml; path = Info.plist; sourceTree = "<group>"; };
		3650C9251DF7FE62004F7301 /* gittestTests.xctest */ = {isa = PBXFileReference; explicitFileType = wrapper.cfbundle; includeInIndex = 0; path = gittestTests.xctest; sourceTree = BUILT_PRODUCTS_DIR; };
		3650C9291DF7FE62004F7301 /* gittestTests.swift */ = {isa = PBXFileReference; lastKnownFileType = sourcecode.swift; path = gittestTests.swift; sourceTree = "<group>"; };
		3650C92B1DF7FE62004F7301 /* Info.plist */ = {isa = PBXFileReference; lastKnownFileType = text.plist.xml; path = Info.plist; sourceTree = "<group>"; };
		3650C9301DF7FE62004F7301 /* gittestUITests.xctest */ = {isa = PBXFileReference; explicitFileType = wrapper.cfbundle; includeInIndex = 0; path = gittestUITests.xctest; sourceTree = BUILT_PRODUCTS_DIR; };
		3650C9341DF7FE62004F7301 /* gittestUITests.swift */ = {isa = PBXFileReference; lastKnownFileType = sourcecode.swift; path = gittestUITests.swift; sourceTree = "<group>"; };
		3650C9361DF7FE62004F7301 /* Info.plist */ = {isa = PBXFileReference; lastKnownFileType = text.plist.xml; path = Info.plist; sourceTree = "<group>"; };
/* End PBXFileReference section */

/* Begin PBXFrameworksBuildPhase section */
		3650C90E1DF7FE62004F7301 /* Frameworks */ = {
			isa = PBXFrameworksBuildPhase;
			buildActionMask = 2147483647;
			files = (
			);
			runOnlyForDeploymentPostprocessing = 0;
		};
		3650C9221DF7FE62004F7301 /* Frameworks */ = {
			isa = PBXFrameworksBuildPhase;
			buildActionMask = 2147483647;
			files = (
			);
			runOnlyForDeploymentPostprocessing = 0;
		};
		3650C92D1DF7FE62004F7301 /* Frameworks */ = {
			isa = PBXFrameworksBuildPhase;
			buildActionMask = 2147483647;
			files = (
			);
			runOnlyForDeploymentPostprocessing = 0;
		};
/* End PBXFrameworksBuildPhase section */

/* Begin PBXGroup section */
		3650C9081DF7FE62004F7301 = {
			isa = PBXGroup;
			children = (
				3650C9131DF7FE62004F7301 /* gittest */,
				3650C9281DF7FE62004F7301 /* gittestTests */,
				3650C9331DF7FE62004F7301 /* gittestUITests */,
				3650C9121DF7FE62004F7301 /* Products */,
			);
			sourceTree = "<group>";
		};
		3650C9121DF7FE62004F7301 /* Products */ = {
			isa = PBXGroup;
			children = (
				3650C9111DF7FE62004F7301 /* gittest.app */,
				3650C9251DF7FE62004F7301 /* gittestTests.xctest */,
				3650C9301DF7FE62004F7301 /* gittestUITests.xctest */,
			);
			name = Products;
			sourceTree = "<group>";
		};
		3650C9131DF7FE62004F7301 /* gittest */ = {
			isa = PBXGroup;
			children = (
				3650C9141DF7FE62004F7301 /* AppDelegate.swift */,
				3650C9161DF7FE62004F7301 /* ViewController.swift */,
				3650C9181DF7FE62004F7301 /* Main.storyboard */,
				3650C91B1DF7FE62004F7301 /* Assets.xcassets */,
				3650C91D1DF7FE62004F7301 /* LaunchScreen.storyboard */,
				3650C9201DF7FE62004F7301 /* Info.plist */,
			);
			path = gittest;
			sourceTree = "<group>";
		};
		3650C9281DF7FE62004F7301 /* gittestTests */ = {
			isa = PBXGroup;
			children = (
				3650C9291DF7FE62004F7301 /* gittestTests.swift */,
				3650C92B1DF7FE62004F7301 /* Info.plist */,
			);
			path = gittestTests;
			sourceTree = "<group>";
		};
		3650C9331DF7FE62004F7301 /* gittestUITests */ = {
			isa = PBXGroup;
			children = (
				3650C9341DF7FE62004F7301 /* gittestUITests.swift */,
				3650C9361DF7FE62004F7301 /* Info.plist */,
			);
			path = gittestUITests;
			sourceTree = "<group>";
		};
/* End PBXGroup section */

/* Begin PBXNativeTarget section */
		3650C9101DF7FE62004F7301 /* gittest */ = {
			isa = PBXNativeTarget;
			buildConfigurationList = 3650C9391DF7FE62004F7301 /* Build configuration list for PBXNativeTarget "gittest" */;
			buildPhases = (
				3650C90D1DF7FE62004F7301 /* Sources */,
				3650C90E1DF7FE62004F7301 /* Frameworks */,
				3650C90F1DF7FE62004F7301 /* Resources */,
			);
			buildRules = (
			);
			dependencies = (
			);
			name = gittest;
			productName = gittest;
			productReference = 3650C9111DF7FE62004F7301 /* gittest.app */;
			productType = "com.apple.product-type.application";
		};
		3650C9241DF7FE62004F7301 /* gittestTests */ = {
			isa = PBXNativeTarget;
			buildConfigurationList = 3650C93C1DF7FE62004F7301 /* Build configuration list for PBXNativeTarget "gittestTests" */;
			buildPhases = (
				3650C9211DF7FE62004F7301 /* Sources */,
				3650C9221DF7FE62004F7301 /* Frameworks */,
				3650C9231DF7FE62004F7301 /* Resources */,
			);
			buildRules = (
			);
			dependencies = (
				3650C9271DF7FE62004F7301 /* PBXTargetDependency */,
			);
			name = gittestTests;
			productName = gittestTests;
			productReference = 3650C9251DF7FE62004F7301 /* gittestTests.xctest */;
			productType = "com.apple.product-type.bundle.unit-test";
		};
		3650C92F1DF7FE62004F7301 /* gittestUITests */ = {
			isa = PBXNativeTarget;
			buildConfigurationList = 3650C93F1DF7FE62004F7301 /* Build configuration list for PBXNativeTarget "gittestUITests" */;
			buildPhases = (
				3650C92C1DF7FE62004F7301 /* Sources */,
				3650C92D1DF7FE62004F7301 /* Frameworks */,
				3650C92E1DF7FE62004F7301 /* Resources */,
			);
			buildRules = (
			);
			dependencies = (
				3650C9321DF7FE62004F7301 /* PBXTargetDependency */,
			);
			name = gittestUITests;
			productName = gittestUITests;
			productReference = 3650C9301DF7FE62004F7301 /* gittestUITests.xctest */;
			productType = "com.apple.product-type.bundle.ui-testing";
		};
/* End PBXNativeTarget section */

/* Begin PBXProject section */
		3650C9091DF7FE62004F7301 /* Project object */ = {
			isa = PBXProject;
			attributes = {
				LastSwiftUpdateCheck = 0730;
				LastUpgradeCheck = 0730;
				ORGANIZATIONNAME = DIVILLA;
				TargetAttributes = {
					3650C9101DF7FE62004F7301 = {
						CreatedOnToolsVersion = 7.3.1;
						DevelopmentTeam = J2EV4JC985;
					};
					3650C9241DF7FE62004F7301 = {
						CreatedOnToolsVersion = 7.3.1;
						DevelopmentTeam = J2EV4JC985;
						TestTargetID = 3650C9101DF7FE62004F7301;
					};
					3650C92F1DF7FE62004F7301 = {
						CreatedOnToolsVersion = 7.3.1;
						DevelopmentTeam = J2EV4JC985;
						TestTargetID = 3650C9101DF7FE62004F7301;
					};
				};
			};
			buildConfigurationList = 3650C90C1DF7FE62004F7301 /* Build configuration list for PBXProject "gittest" */;
			compatibilityVersion = "Xcode 3.2";
			developmentRegion = English;
			hasScannedForEncodings = 0;
			knownRegions = (
				en,
				Base,
			);
			mainGroup = 3650C9081DF7FE62004F7301;
			productRefGroup = 3650C9121DF7FE62004F7301 /* Products */;
			projectDirPath = "";
			projectRoot = "";
			targets = (
				3650C9101DF7FE62004F7301 /* gittest */,
				3650C9241DF7FE62004F7301 /* gittestTests */,
				3650C92F1DF7FE62004F7301 /* gittestUITests */,
			);
		};
/* End PBXProject section */

/* Begin PBXResourcesBuildPhase section */
		3650C90F1DF7FE62004F7301 /* Resources */ = {
			isa = PBXResourcesBuildPhase;
			buildActionMask = 2147483647;
			files = (
				3650C91F1DF7FE62004F7301 /* LaunchScreen.storyboard in Resources */,
				3650C91C1DF7FE62004F7301 /* Assets.xcassets in Resources */,
				3650C91A1DF7FE62004F7301 /* Main.storyboard in Resources */,
			);
			runOnlyForDeploymentPostprocessing = 0;
		};
		3650C9231DF7FE62004F7301 /* Resources */ = {
			isa = PBXResourcesBuildPhase;
			buildActionMask = 2147483647;
			files = (
			);
			runOnlyForDeploymentPostprocessing = 0;
		};
		3650C92E1DF7FE62004F7301 /* Resources */ = {
			isa = PBXResourcesBuildPhase;
			buildActionMask = 2147483647;
			files = (
			);
			runOnlyForDeploymentPostprocessing = 0;
		};
/* End PBXResourcesBuildPhase section */

/* Begin PBXSourcesBuildPhase section */
		3650C90D1DF7FE62004F7301 /* Sources */ = {
			isa = PBXSourcesBuildPhase;
			buildActionMask = 2147483647;
			files = (
				3650C9171DF7FE62004F7301 /* ViewController.swift in Sources */,
				3650C9151DF7FE62004F7301 /* AppDelegate.swift in Sources */,
			);
			runOnlyForDeploymentPostprocessing = 0;
		};
		3650C9211DF7FE62004F7301 /* Sources */ = {
			isa = PBXSourcesBuildPhase;
			buildActionMask = 2147483647;
			files = (
				3650C92A1DF7FE62004F7301 /* gittestTests.swift in Sources */,
			);
			runOnlyForDeploymentPostprocessing = 0;
		};
		3650C92C1DF7FE62004F7301 /* Sources */ = {
			isa = PBXSourcesBuildPhase;
			buildActionMask = 2147483647;
			files = (
				3650C9351DF7FE62004F7301 /* gittestUITests.swift in Sources */,
			);
			runOnlyForDeploymentPostprocessing = 0;
		};
/* End PBXSourcesBuildPhase section */

/* Begin PBXTargetDependency section */
		3650C9271DF7FE62004F7301 /* PBXTargetDependency */ = {
			isa = PBXTargetDependency;
			target = 3650C9101DF7FE62004F7301 /* gittest */;
			targetProxy = 3650C9261DF7FE62004F7301 /* PBXContainerItemProxy */;
		};
		3650C9321DF7FE62004F7301 /* PBXTargetDependency */ = {
			isa = PBXTargetDependency;
			target = 3650C9101DF7FE62004F7301 /* gittest */;
			targetProxy = 3650C9311DF7FE62004F7301 /* PBXContainerItemProxy */;
		};
/* End PBXTargetDependency section */

/* Begin PBXVariantGroup section */
		3650C9181DF7FE62004F7301 /* Main.storyboard */ = {
			isa = PBXVariantGroup;
			children = (
				3650C9191DF7FE62004F7301 /* Base */,
			);
			name = Main.storyboard;
			sourceTree = "<group>";
		};
		3650C91D1DF7FE62004F7301 /* LaunchScreen.storyboard */ = {
			isa = PBXVariantGroup;
			children = (
				3650C91E1DF7FE62004F7301 /* Base */,
			);
			name = LaunchScreen.storyboard;
			sourceTree = "<group>";
		};
/* End PBXVariantGroup section */

/* Begin XCBuildConfiguration section */
		3650C9371DF7FE62004F7301 /* Debug */ = {
			isa = XCBuildConfiguration;
			buildSettings = {
				ALWAYS_SEARCH_USER_PATHS = NO;
				CLANG_ANALYZER_NONNULL = YES;
				CLANG_CXX_LANGUAGE_STANDARD = "gnu++0x";
				CLANG_CXX_LIBRARY = "libc++";
				CLANG_ENABLE_MODULES = YES;
				CLANG_ENABLE_OBJC_ARC = YES;
				CLANG_WARN_BOOL_CONVERSION = YES;
				CLANG_WARN_CONSTANT_CONVERSION = YES;
				CLANG_WARN_DIRECT_OBJC_ISA_USAGE = YES_ERROR;
				CLANG_WARN_EMPTY_BODY = YES;
				CLANG_WARN_ENUM_CONVERSION = YES;
				CLANG_WARN_INT_CONVERSION = YES;
				CLANG_WARN_OBJC_ROOT_CLASS = YES_ERROR;
				CLANG_WARN_UNREACHABLE_CODE = YES;
				CLANG_WARN__DUPLICATE_METHOD_MATCH = YES;
				"CODE_SIGN_IDENTITY[sdk=iphoneos*]" = "iPhone Developer";
				COPY_PHASE_STRIP = NO;
				DEBUG_INFORMATION_FORMAT = dwarf;
				ENABLE_STRICT_OBJC_MSGSEND = YES;
				ENABLE_TESTABILITY = YES;
				GCC_C_LANGUAGE_STANDARD = gnu99;
				GCC_DYNAMIC_NO_PIC = NO;
				GCC_NO_COMMON_BLOCKS = YES;
				GCC_OPTIMIZATION_LEVEL = 0;
				GCC_PREPROCESSOR_DEFINITIONS = (
					"DEBUG=1",
					"$(inherited)",
				);
				GCC_WARN_64_TO_32_BIT_CONVERSION = YES;
				GCC_WARN_ABOUT_RETURN_TYPE = YES_ERROR;
				GCC_WARN_UNDECLARED_SELECTOR = YES;
				GCC_WARN_UNINITIALIZED_AUTOS = YES_AGGRESSIVE;
				GCC_WARN_UNUSED_FUNCTION = YES;
				GCC_WARN_UNUSED_VARIABLE = YES;
				IPHONEOS_DEPLOYMENT_TARGET = 9.3;
				MTL_ENABLE_DEBUG_INFO = YES;
				ONLY_ACTIVE_ARCH = YES;
				SDKROOT = iphoneos;
				SWIFT_OPTIMIZATION_LEVEL = "-Onone";
			};
			name = Debug;
		};
		3650C9381DF7FE62004F7301 /* Release */ = {
			isa = XCBuildConfiguration;
			buildSettings = {
				ALWAYS_SEARCH_USER_PATHS = NO;
				CLANG_ANALYZER_NONNULL = YES;
				CLANG_CXX_LANGUAGE_STANDARD = "gnu++0x";
				CLANG_CXX_LIBRARY = "libc++";
				CLANG_ENABLE_MODULES = YES;
				CLANG_ENABLE_OBJC_ARC = YES;
				CLANG_WARN_BOOL_CONVERSION = YES;
				CLANG_WARN_CONSTANT_CONVERSION = YES;
				CLANG_WARN_DIRECT_OBJC_ISA_USAGE = YES_ERROR;
				CLANG_WARN_EMPTY_BODY = YES;
				CLANG_WARN_ENUM_CONVERSION = YES;
				CLANG_WARN_INT_CONVERSION = YES;
				CLANG_WARN_OBJC_ROOT_CLASS = YES_ERROR;
				CLANG_WARN_UNREACHABLE_CODE = YES;
				CLANG_WARN__DUPLICATE_METHOD_MATCH = YES;
				"CODE_SIGN_IDENTITY[sdk=iphoneos*]" = "iPhone Developer";
				COPY_PHASE_STRIP = NO;
				DEBUG_INFORMATION_FORMAT = "dwarf-with-dsym";
				ENABLE_NS_ASSERTIONS = NO;
				ENABLE_STRICT_OBJC_MSGSEND = YES;
				GCC_C_LANGUAGE_STANDARD = gnu99;
				GCC_NO_COMMON_BLOCKS = YES;
				GCC_WARN_64_TO_32_BIT_CONVERSION = YES;
				GCC_WARN_ABOUT_RETURN_TYPE = YES_ERROR;
				GCC_WARN_UNDECLARED_SELECTOR = YES;
				GCC_WARN_UNINITIALIZED_AUTOS = YES_AGGRESSIVE;
				GCC_WARN_UNUSED_FUNCTION = YES;
				GCC_WARN_UNUSED_VARIABLE = YES;
				IPHONEOS_DEPLOYMENT_TARGET = 9.3;
				MTL_ENABLE_DEBUG_INFO = NO;
				SDKROOT = iphoneos;
				VALIDATE_PRODUCT = YES;
			};
			name = Release;
		};
		3650C93A1DF7FE62004F7301 /* Debug */ = {
			isa = XCBuildConfiguration;
			buildSettings = {
				ASSETCATALOG_COMPILER_APPICON_NAME = AppIcon;
				INFOPLIST_FILE = gittest/Info.plist;
				LD_RUNPATH_SEARCH_PATHS = "$(inherited) @executable_path/Frameworks";
				PRODUCT_BUNDLE_IDENTIFIER = net.divilla.gittest;
				PRODUCT_NAME = "$(TARGET_NAME)";
			};
			name = Debug;
		};
		3650C93B1DF7FE62004F7301 /* Release */ = {
			isa = XCBuildConfiguration;
			buildSettings = {
				ASSETCATALOG_COMPILER_APPICON_NAME = AppIcon;
				INFOPLIST_FILE = gittest/Info.plist;
				LD_RUNPATH_SEARCH_PATHS = "$(inherited) @executable_path/Frameworks";
				PRODUCT_BUNDLE_IDENTIFIER = net.divilla.gittest;
				PRODUCT_NAME = "$(TARGET_NAME)";
			};
			name = Release;
		};
		3650C93D1DF7FE62004F7301 /* Debug */ = {
			isa = XCBuildConfiguration;
			buildSettings = {
				BUNDLE_LOADER = "$(TEST_HOST)";
				INFOPLIST_FILE = gittestTests/Info.plist;
				LD_RUNPATH_SEARCH_PATHS = "$(inherited) @executable_path/Frameworks @loader_path/Frameworks";
				PRODUCT_BUNDLE_IDENTIFIER = net.divilla.gittestTests;
				PRODUCT_NAME = "$(TARGET_NAME)";
				TEST_HOST = "$(BUILT_PRODUCTS_DIR)/gittest.app/gittest";
			};
			name = Debug;
		};
		3650C93E1DF7FE62004F7301 /* Release */ = {
			isa = XCBuildConfiguration;
			buildSettings = {
				BUNDLE_LOADER = "$(TEST_HOST)";
				INFOPLIST_FILE = gittestTests/Info.plist;
				LD_RUNPATH_SEARCH_PATHS = "$(inherited) @executable_path/Frameworks @loader_path/Frameworks";
				PRODUCT_BUNDLE_IDENTIFIER = net.divilla.gittestTests;
				PRODUCT_NAME = "$(TARGET_NAME)";
				TEST_HOST = "$(BUILT_PRODUCTS_DIR)/gittest.app/gittest";
			};
			name = Release;
		};
		3650C9401DF7FE62004F7301 /* Debug */ = {
			isa = XCBuildConfiguration;
			buildSettings = {
				INFOPLIST_FILE = gittestUITests/Info.plist;
				LD_RUNPATH_SEARCH_PATHS = "$(inherited) @executable_path/Frameworks @loader_path/Frameworks";
				PRODUCT_BUNDLE_IDENTIFIER = net.divilla.gittestUITests;
				PRODUCT_NAME = "$(TARGET_NAME)";
				TEST_TARGET_NAME = gittest;
			};
			name = Debug;
		};
		3650C9411DF7FE62004F7301 /* Release */ = {
			isa = XCBuildConfiguration;
			buildSettings = {
				INFOPLIST_FILE = gittestUITests/Info.plist;
				LD_RUNPATH_SEARCH_PATHS = "$(inherited) @executable_path/Frameworks @loader_path/Frameworks";
				PRODUCT_BUNDLE_IDENTIFIER = net.divilla.gittestUITests;
				PRODUCT_NAME = "$(TARGET_NAME)";
				TEST_TARGET_NAME = gittest;
			};
			name = Release;
		};
/* End XCBuildConfiguration section */

/* Begin XCConfigurationList section */
		3650C90C1DF7FE62004F7301 /* Build configuration list for PBXProject "gittest" */ = {
			isa = XCConfigurationList;
			buildConfigurations = (
				3650C9371DF7FE62004F7301 /* Debug */,
				3650C9381DF7FE62004F7301 /* Release */,
			);
			defaultConfigurationIsVisible = 0;
			defaultConfigurationName = Release;
		};
		3650C9391DF7FE62004F7301 /* Build configuration list for PBXNativeTarget "gittest" */ = {
			isa = XCConfigurationList;
			buildConfigurations = (
				3650C93A1DF7FE62004F7301 /* Debug */,
				3650C93B1DF7FE62004F7301 /* Release */,
			);
			defaultConfigurationIsVisible = 0;
		};
		3650C93C1DF7FE62004F7301 /* Build configuration list for PBXNativeTarget "gittestTests" */ = {
			isa = XCConfigurationList;
			buildConfigurations = (
				3650C93D1DF7FE62004F7301 /* Debug */,
				3650C93E1DF7FE62004F7301 /* Release */,
			);
			defaultConfigurationIsVisible = 0;
		};
		3650C93F1DF7FE62004F7301 /* Build configuration list for PBXNativeTarget "gittestUITests" */ = {
			isa = XCConfigurationList;
			buildConfigurations = (
				3650C9401DF7FE62004F7301 /* Debug */,
				3650C9411DF7FE62004F7301 /* Release */,
			);
			defaultConfigurationIsVisible = 0;
		};
/* End XCConfigurationList section */
	};
	rootObject = 3650C9091DF7FE62004F7301 /* Project object */;
}
